
Microsoft Visual Studio Solution File, Format Version 12.00
# Visual Studio 14
VisualStudioVersion = 14.0.25123.0
MinimumVisualStudioVersion = 10.0.40219.1
Project("{FAE04EC0-301F-11D3-BF4B-00C04F79EFBC}") = "TheInterface", "TheInterface\TheInterface.csproj", "{1EFCBC14-A0F1-4ACF-888C-0184D421B455}"
EndProject
Project("{FAE04EC0-301F-11D3-BF4B-00C04F79EFBC}") = "CompositePattern", "CompositePattern\CompositePattern.csproj", "{037AE26D-5F4A-4316-8553-F3533933F1E4}"
EndProject
Global
	GlobalSection(SolutionConfigurationPlatforms) = preSolution
		Debug|Any CPU = Debug|Any CPU
		Release|Any CPU = Release|Any CPU
	EndGlobalSection
	GlobalSection(ProjectConfigurationPlatforms) = postSolution
		{1EFCBC14-A0F1-4ACF-888C-0184D421B455}.Debug|Any CPU.ActiveCfg = Debug|Any CPU
		{1EFCBC14-A0F1-4ACF-888C-0184D421B455}.Debug|Any CPU.Build.0 = Debug|Any CPU
		{1EFCBC14-A0F1-4ACF-888C-0184D421B455}.Release|Any CPU.ActiveCfg = Release|Any CPU
		{1EFCBC14-A0F1-4ACF-888C-0184D421B455}.Release|Any CPU.Build.0 = Release|Any CPU
		{037AE26D-5F4A-4316-8553-F3533933F1E4}.Debug|Any CPU.ActiveCfg = Debug|Any CPU
		{037AE26D-5F4A-4316-8553-F3533933F1E4}.Debug|Any CPU.Build.0 = Debug|Any CPU
		{037AE26D-5F4A-4316-8553-F3533933F1E4}.Release|Any CPU.ActiveCfg = Release|Any CPU
		{037AE26D-5F4A-4316-8553-F3533933F1E4}.Release|Any CPU.Build.0 = Release|Any CPU
	EndGlobalSection
	GlobalSection(SolutionProperties) = preSolution
		HideSolutionNode = FALSE
	EndGlobalSection
EndGlobal
