
Microsoft Visual Studio Solution File, Format Version 12.00
# Visual Studio 14
VisualStudioVersion = 14.0.25123.0
MinimumVisualStudioVersion = 10.0.40219.1
Project("{FAE04EC0-301F-11D3-BF4B-00C04F79EFBC}") = "TheInterface", "TheInterface\TheInterface.csproj", "{6DA357EB-65E5-4AE6-9BBB-F42214B986C2}"
EndProject
Project("{FAE04EC0-301F-11D3-BF4B-00C04F79EFBC}") = "NullObjectPattern", "NullObjectPattern\NullObjectPattern.csproj", "{6DF65E92-CE1F-4A1D-A947-443D3248E158}"
EndProject
Global
	GlobalSection(SolutionConfigurationPlatforms) = preSolution
		Debug|Any CPU = Debug|Any CPU
		Release|Any CPU = Release|Any CPU
	EndGlobalSection
	GlobalSection(ProjectConfigurationPlatforms) = postSolution
		{6DA357EB-65E5-4AE6-9BBB-F42214B986C2}.Debug|Any CPU.ActiveCfg = Debug|Any CPU
		{6DA357EB-65E5-4AE6-9BBB-F42214B986C2}.Debug|Any CPU.Build.0 = Debug|Any CPU
		{6DA357EB-65E5-4AE6-9BBB-F42214B986C2}.Release|Any CPU.ActiveCfg = Release|Any CPU
		{6DA357EB-65E5-4AE6-9BBB-F42214B986C2}.Release|Any CPU.Build.0 = Release|Any CPU
		{6DF65E92-CE1F-4A1D-A947-443D3248E158}.Debug|Any CPU.ActiveCfg = Debug|Any CPU
		{6DF65E92-CE1F-4A1D-A947-443D3248E158}.Debug|Any CPU.Build.0 = Debug|Any CPU
		{6DF65E92-CE1F-4A1D-A947-443D3248E158}.Release|Any CPU.ActiveCfg = Release|Any CPU
		{6DF65E92-CE1F-4A1D-A947-443D3248E158}.Release|Any CPU.Build.0 = Release|Any CPU
	EndGlobalSection
	GlobalSection(SolutionProperties) = preSolution
		HideSolutionNode = FALSE
	EndGlobalSection
EndGlobal
