
Microsoft Visual Studio Solution File, Format Version 12.00
# Visual Studio 14
VisualStudioVersion = 14.0.25123.0
MinimumVisualStudioVersion = 10.0.40219.1
Project("{FAE04EC0-301F-11D3-BF4B-00C04F79EFBC}") = "DecoratorPattern", "DecoratorPattern\DecoratorPattern.csproj", "{CE7E774C-41E3-42E5-9AF8-801CBC845EFB}"
EndProject
Project("{FAE04EC0-301F-11D3-BF4B-00C04F79EFBC}") = "TheInterface", "TheInterface\TheInterface.csproj", "{0EE56239-69DA-462F-859D-5E08F143061D}"
EndProject
Global
	GlobalSection(SolutionConfigurationPlatforms) = preSolution
		Debug|Any CPU = Debug|Any CPU
		Release|Any CPU = Release|Any CPU
	EndGlobalSection
	GlobalSection(ProjectConfigurationPlatforms) = postSolution
		{CE7E774C-41E3-42E5-9AF8-801CBC845EFB}.Debug|Any CPU.ActiveCfg = Debug|Any CPU
		{CE7E774C-41E3-42E5-9AF8-801CBC845EFB}.Debug|Any CPU.Build.0 = Debug|Any CPU
		{CE7E774C-41E3-42E5-9AF8-801CBC845EFB}.Release|Any CPU.ActiveCfg = Release|Any CPU
		{CE7E774C-41E3-42E5-9AF8-801CBC845EFB}.Release|Any CPU.Build.0 = Release|Any CPU
		{0EE56239-69DA-462F-859D-5E08F143061D}.Debug|Any CPU.ActiveCfg = Debug|Any CPU
		{0EE56239-69DA-462F-859D-5E08F143061D}.Debug|Any CPU.Build.0 = Debug|Any CPU
		{0EE56239-69DA-462F-859D-5E08F143061D}.Release|Any CPU.ActiveCfg = Release|Any CPU
		{0EE56239-69DA-462F-859D-5E08F143061D}.Release|Any CPU.Build.0 = Release|Any CPU
	EndGlobalSection
	GlobalSection(SolutionProperties) = preSolution
		HideSolutionNode = FALSE
	EndGlobalSection
EndGlobal
